// !$*UTF8*$!
{
	archiveVersion = 1;
	classes = {
	};
	objectVersion = 46;
	objects = {

/* Begin PBXBuildFile section */
		894B4E531971F04A0065FC35 /* AppDelegate.swift in Sources */ = {isa = PBXBuildFile; fileRef = 894B4E521971F04A0065FC35 /* AppDelegate.swift */; };
		894B4E551971F04A0065FC35 /* Images.xcassets in Resources */ = {isa = PBXBuildFile; fileRef = 894B4E541971F04A0065FC35 /* Images.xcassets */; };
		894B4E611971F04B0065FC35 /* gifKeyboardTests.swift in Sources */ = {isa = PBXBuildFile; fileRef = 894B4E601971F04B0065FC35 /* gifKeyboardTests.swift */; };
		894B4E731971F2330065FC35 /* KeyboardViewController.swift in Sources */ = {isa = PBXBuildFile; fileRef = 894B4E721971F2330065FC35 /* KeyboardViewController.swift */; };
		894B4E761971F2330065FC35 /* Campbell.gifKeyboard.customKeyboard.appex in Embed App Extensions */ = {isa = PBXBuildFile; fileRef = 894B4E6E1971F2330065FC35 /* Campbell.gifKeyboard.customKeyboard.appex */; };
/* End PBXBuildFile section */

/* Begin PBXContainerItemProxy section */
		894B4E5B1971F04B0065FC35 /* PBXContainerItemProxy */ = {
			isa = PBXContainerItemProxy;
			containerPortal = 894B4E451971F04A0065FC35 /* Project object */;
			proxyType = 1;
			remoteGlobalIDString = 894B4E4C1971F04A0065FC35;
			remoteInfo = gifKeyboard;
		};
		894B4E741971F2330065FC35 /* PBXContainerItemProxy */ = {
			isa = PBXContainerItemProxy;
			containerPortal = 894B4E451971F04A0065FC35 /* Project object */;
			proxyType = 1;
			remoteGlobalIDString = 894B4E6D1971F2330065FC35;
			remoteInfo = customKeyboard;
		};
		894B4E771971F2330065FC35 /* PBXContainerItemProxy */ = {
			isa = PBXContainerItemProxy;
			containerPortal = 894B4E451971F04A0065FC35 /* Project object */;
			proxyType = 1;
			remoteGlobalIDString = 894B4E6D1971F2330065FC35;
			remoteInfo = customKeyboard;
		};
/* End PBXContainerItemProxy section */

/* Begin PBXCopyFilesBuildPhase section */
		894B4E7C1971F2330065FC35 /* Embed App Extensions */ = {
			isa = PBXCopyFilesBuildPhase;
			buildActionMask = 2147483647;
			dstPath = "";
			dstSubfolderSpec = 13;
			files = (
				894B4E761971F2330065FC35 /* Campbell.gifKeyboard.customKeyboard.appex in Embed App Extensions */,
			);
			name = "Embed App Extensions";
			runOnlyForDeploymentPostprocessing = 0;
		};
/* End PBXCopyFilesBuildPhase section */

/* Begin PBXFileReference section */
		894B4E4D1971F04A0065FC35 /* gifKeyboard.app */ = {isa = PBXFileReference; explicitFileType = wrapper.application; includeInIndex = 0; path = gifKeyboard.app; sourceTree = BUILT_PRODUCTS_DIR; };
		894B4E511971F04A0065FC35 /* Info.plist */ = {isa = PBXFileReference; lastKnownFileType = text.plist.xml; path = Info.plist; sourceTree = "<group>"; };
		894B4E521971F04A0065FC35 /* AppDelegate.swift */ = {isa = PBXFileReference; lastKnownFileType = sourcecode.swift; path = AppDelegate.swift; sourceTree = "<group>"; };
		894B4E541971F04A0065FC35 /* Images.xcassets */ = {isa = PBXFileReference; lastKnownFileType = folder.assetcatalog; path = Images.xcassets; sourceTree = "<group>"; };
		894B4E5A1971F04B0065FC35 /* gifKeyboardTests.xctest */ = {isa = PBXFileReference; explicitFileType = wrapper.cfbundle; includeInIndex = 0; path = gifKeyboardTests.xctest; sourceTree = BUILT_PRODUCTS_DIR; };
		894B4E5F1971F04B0065FC35 /* Info.plist */ = {isa = PBXFileReference; lastKnownFileType = text.plist.xml; path = Info.plist; sourceTree = "<group>"; };
		894B4E601971F04B0065FC35 /* gifKeyboardTests.swift */ = {isa = PBXFileReference; lastKnownFileType = sourcecode.swift; path = gifKeyboardTests.swift; sourceTree = "<group>"; };
		894B4E6E1971F2330065FC35 /* Campbell.gifKeyboard.customKeyboard.appex */ = {isa = PBXFileReference; explicitFileType = "wrapper.app-extension"; includeInIndex = 0; path = Campbell.gifKeyboard.customKeyboard.appex; sourceTree = BUILT_PRODUCTS_DIR; };
		894B4E711971F2330065FC35 /* Info.plist */ = {isa = PBXFileReference; lastKnownFileType = text.plist.xml; path = Info.plist; sourceTree = "<group>"; };
		894B4E721971F2330065FC35 /* KeyboardViewController.swift */ = {isa = PBXFileReference; lastKnownFileType = sourcecode.swift; path = KeyboardViewController.swift; sourceTree = "<group>"; };
/* End PBXFileReference section */

/* Begin PBXFrameworksBuildPhase section */
		894B4E4A1971F04A0065FC35 /* Frameworks */ = {
			isa = PBXFrameworksBuildPhase;
			buildActionMask = 2147483647;
			files = (
			);
			runOnlyForDeploymentPostprocessing = 0;
		};
		894B4E571971F04B0065FC35 /* Frameworks */ = {
			isa = PBXFrameworksBuildPhase;
			buildActionMask = 2147483647;
			files = (
			);
			runOnlyForDeploymentPostprocessing = 0;
		};
		894B4E6B1971F2330065FC35 /* Frameworks */ = {
			isa = PBXFrameworksBuildPhase;
			buildActionMask = 2147483647;
			files = (
			);
			runOnlyForDeploymentPostprocessing = 0;
		};
/* End PBXFrameworksBuildPhase section */

/* Begin PBXGroup section */
		894B4E441971F04A0065FC35 = {
			isa = PBXGroup;
			children = (
				894B4E4F1971F04A0065FC35 /* gifKeyboard */,
				894B4E5D1971F04B0065FC35 /* gifKeyboardTests */,
				894B4E6F1971F2330065FC35 /* customKeyboard */,
				894B4E4E1971F04A0065FC35 /* Products */,
			);
			sourceTree = "<group>";
		};
		894B4E4E1971F04A0065FC35 /* Products */ = {
			isa = PBXGroup;
			children = (
				894B4E4D1971F04A0065FC35 /* gifKeyboard.app */,
				894B4E5A1971F04B0065FC35 /* gifKeyboardTests.xctest */,
				894B4E6E1971F2330065FC35 /* Campbell.gifKeyboard.customKeyboard.appex */,
			);
			name = Products;
			sourceTree = "<group>";
		};
		894B4E4F1971F04A0065FC35 /* gifKeyboard */ = {
			isa = PBXGroup;
			children = (
				894B4E521971F04A0065FC35 /* AppDelegate.swift */,
				894B4E541971F04A0065FC35 /* Images.xcassets */,
				894B4E501971F04A0065FC35 /* Supporting Files */,
			);
			path = gifKeyboard;
			sourceTree = "<group>";
		};
		894B4E501971F04A0065FC35 /* Supporting Files */ = {
			isa = PBXGroup;
			children = (
				894B4E511971F04A0065FC35 /* Info.plist */,
			);
			name = "Supporting Files";
			sourceTree = "<group>";
		};
		894B4E5D1971F04B0065FC35 /* gifKeyboardTests */ = {
			isa = PBXGroup;
			children = (
				894B4E601971F04B0065FC35 /* gifKeyboardTests.swift */,
				894B4E5E1971F04B0065FC35 /* Supporting Files */,
			);
			path = gifKeyboardTests;
			sourceTree = "<group>";
		};
		894B4E5E1971F04B0065FC35 /* Supporting Files */ = {
			isa = PBXGroup;
			children = (
				894B4E5F1971F04B0065FC35 /* Info.plist */,
			);
			name = "Supporting Files";
			sourceTree = "<group>";
		};
		894B4E6F1971F2330065FC35 /* customKeyboard */ = {
			isa = PBXGroup;
			children = (
				894B4E721971F2330065FC35 /* KeyboardViewController.swift */,
				894B4E701971F2330065FC35 /* Supporting Files */,
			);
			path = customKeyboard;
			sourceTree = "<group>";
		};
		894B4E701971F2330065FC35 /* Supporting Files */ = {
			isa = PBXGroup;
			children = (
				894B4E711971F2330065FC35 /* Info.plist */,
			);
			name = "Supporting Files";
			sourceTree = "<group>";
		};
/* End PBXGroup section */

/* Begin PBXNativeTarget section */
		894B4E4C1971F04A0065FC35 /* gifKeyboard */ = {
			isa = PBXNativeTarget;
			buildConfigurationList = 894B4E641971F04B0065FC35 /* Build configuration list for PBXNativeTarget "gifKeyboard" */;
			buildPhases = (
				894B4E491971F04A0065FC35 /* Sources */,
				894B4E4A1971F04A0065FC35 /* Frameworks */,
				894B4E4B1971F04A0065FC35 /* Resources */,
				894B4E7C1971F2330065FC35 /* Embed App Extensions */,
			);
			buildRules = (
			);
			dependencies = (
				894B4E751971F2330065FC35 /* PBXTargetDependency */,
				894B4E781971F2330065FC35 /* PBXTargetDependency */,
			);
			name = gifKeyboard;
			productName = gifKeyboard;
			productReference = 894B4E4D1971F04A0065FC35 /* gifKeyboard.app */;
			productType = "com.apple.product-type.application";
		};
		894B4E591971F04B0065FC35 /* gifKeyboardTests */ = {
			isa = PBXNativeTarget;
			buildConfigurationList = 894B4E671971F04B0065FC35 /* Build configuration list for PBXNativeTarget "gifKeyboardTests" */;
			buildPhases = (
				894B4E561971F04B0065FC35 /* Sources */,
				894B4E571971F04B0065FC35 /* Frameworks */,
				894B4E581971F04B0065FC35 /* Resources */,
			);
			buildRules = (
			);
			dependencies = (
				894B4E5C1971F04B0065FC35 /* PBXTargetDependency */,
			);
			name = gifKeyboardTests;
			productName = gifKeyboardTests;
			productReference = 894B4E5A1971F04B0065FC35 /* gifKeyboardTests.xctest */;
			productType = "com.apple.product-type.bundle.unit-test";
		};
		894B4E6D1971F2330065FC35 /* customKeyboard */ = {
			isa = PBXNativeTarget;
			buildConfigurationList = 894B4E791971F2330065FC35 /* Build configuration list for PBXNativeTarget "customKeyboard" */;
			buildPhases = (
				894B4E6A1971F2330065FC35 /* Sources */,
				894B4E6B1971F2330065FC35 /* Frameworks */,
				894B4E6C1971F2330065FC35 /* Resources */,
			);
			buildRules = (
			);
			dependencies = (
			);
			name = customKeyboard;
			productName = customKeyboard;
			productReference = 894B4E6E1971F2330065FC35 /* Campbell.gifKeyboard.customKeyboard.appex */;
			productType = "com.apple.product-type.app-extension";
		};
/* End PBXNativeTarget section */

/* Begin PBXProject section */
		894B4E451971F04A0065FC35 /* Project object */ = {
			isa = PBXProject;
			attributes = {
				LastUpgradeCheck = 0600;
				ORGANIZATIONNAME = gifKey;
				TargetAttributes = {
					894B4E4C1971F04A0065FC35 = {
						CreatedOnToolsVersion = 6.0;
					};
					894B4E591971F04B0065FC35 = {
						CreatedOnToolsVersion = 6.0;
						TestTargetID = 894B4E4C1971F04A0065FC35;
					};
					894B4E6D1971F2330065FC35 = {
						CreatedOnToolsVersion = 6.0;
					};
				};
			};
			buildConfigurationList = 894B4E481971F04A0065FC35 /* Build configuration list for PBXProject "gifKeyboard" */;
			compatibilityVersion = "Xcode 3.2";
			developmentRegion = English;
			hasScannedForEncodings = 0;
			knownRegions = (
				en,
			);
			mainGroup = 894B4E441971F04A0065FC35;
			productRefGroup = 894B4E4E1971F04A0065FC35 /* Products */;
			projectDirPath = "";
			projectRoot = "";
			targets = (
				894B4E4C1971F04A0065FC35 /* gifKeyboard */,
				894B4E591971F04B0065FC35 /* gifKeyboardTests */,
				894B4E6D1971F2330065FC35 /* customKeyboard */,
			);
		};
/* End PBXProject section */

/* Begin PBXResourcesBuildPhase section */
		894B4E4B1971F04A0065FC35 /* Resources */ = {
			isa = PBXResourcesBuildPhase;
			buildActionMask = 2147483647;
			files = (
				894B4E551971F04A0065FC35 /* Images.xcassets in Resources */,
			);
			runOnlyForDeploymentPostprocessing = 0;
		};
		894B4E581971F04B0065FC35 /* Resources */ = {
			isa = PBXResourcesBuildPhase;
			buildActionMask = 2147483647;
			files = (
			);
			runOnlyForDeploymentPostprocessing = 0;
		};
		894B4E6C1971F2330065FC35 /* Resources */ = {
			isa = PBXResourcesBuildPhase;
			buildActionMask = 2147483647;
			files = (
			);
			runOnlyForDeploymentPostprocessing = 0;
		};
/* End PBXResourcesBuildPhase section */

/* Begin PBXSourcesBuildPhase section */
		894B4E491971F04A0065FC35 /* Sources */ = {
			isa = PBXSourcesBuildPhase;
			buildActionMask = 2147483647;
			files = (
				894B4E531971F04A0065FC35 /* AppDelegate.swift in Sources */,
			);
			runOnlyForDeploymentPostprocessing = 0;
		};
		894B4E561971F04B0065FC35 /* Sources */ = {
			isa = PBXSourcesBuildPhase;
			buildActionMask = 2147483647;
			files = (
				894B4E611971F04B0065FC35 /* gifKeyboardTests.swift in Sources */,
			);
			runOnlyForDeploymentPostprocessing = 0;
		};
		894B4E6A1971F2330065FC35 /* Sources */ = {
			isa = PBXSourcesBuildPhase;
			buildActionMask = 2147483647;
			files = (
				894B4E731971F2330065FC35 /* KeyboardViewController.swift in Sources */,
			);
			runOnlyForDeploymentPostprocessing = 0;
		};
/* End PBXSourcesBuildPhase section */

/* Begin PBXTargetDependency section */
		894B4E5C1971F04B0065FC35 /* PBXTargetDependency */ = {
			isa = PBXTargetDependency;
			target = 894B4E4C1971F04A0065FC35 /* gifKeyboard */;
			targetProxy = 894B4E5B1971F04B0065FC35 /* PBXContainerItemProxy */;
		};
		894B4E751971F2330065FC35 /* PBXTargetDependency */ = {
			isa = PBXTargetDependency;
			target = 894B4E6D1971F2330065FC35 /* customKeyboard */;
			targetProxy = 894B4E741971F2330065FC35 /* PBXContainerItemProxy */;
		};
		894B4E781971F2330065FC35 /* PBXTargetDependency */ = {
			isa = PBXTargetDependency;
			target = 894B4E6D1971F2330065FC35 /* customKeyboard */;
			targetProxy = 894B4E771971F2330065FC35 /* PBXContainerItemProxy */;
		};
/* End PBXTargetDependency section */

/* Begin XCBuildConfiguration section */
		894B4E621971F04B0065FC35 /* Debug */ = {
			isa = XCBuildConfiguration;
			buildSettings = {
				ALWAYS_SEARCH_USER_PATHS = NO;
				CLANG_CXX_LANGUAGE_STANDARD = "gnu++0x";
				CLANG_CXX_LIBRARY = "libc++";
				CLANG_ENABLE_MODULES = YES;
				CLANG_ENABLE_OBJC_ARC = YES;
				CLANG_WARN_BOOL_CONVERSION = YES;
				CLANG_WARN_CONSTANT_CONVERSION = YES;
				CLANG_WARN_DIRECT_OBJC_ISA_USAGE = YES_ERROR;
				CLANG_WARN_EMPTY_BODY = YES;
				CLANG_WARN_ENUM_CONVERSION = YES;
				CLANG_WARN_INT_CONVERSION = YES;
				CLANG_WARN_OBJC_ROOT_CLASS = YES_ERROR;
				CLANG_WARN_UNREACHABLE_CODE = YES;
				CLANG_WARN__DUPLICATE_METHOD_MATCH = YES;
				"CODE_SIGN_IDENTITY[sdk=iphoneos*]" = "iPhone Developer";
				COPY_PHASE_STRIP = NO;
				ENABLE_STRICT_OBJC_MSGSEND = YES;
				GCC_C_LANGUAGE_STANDARD = gnu99;
				GCC_DYNAMIC_NO_PIC = NO;
				GCC_OPTIMIZATION_LEVEL = 0;
				GCC_PREPROCESSOR_DEFINITIONS = (
					"DEBUG=1",
					"$(inherited)",
				);
				GCC_SYMBOLS_PRIVATE_EXTERN = NO;
				GCC_WARN_64_TO_32_BIT_CONVERSION = YES;
				GCC_WARN_ABOUT_RETURN_TYPE = YES_ERROR;
				GCC_WARN_UNDECLARED_SELECTOR = YES;
				GCC_WARN_UNINITIALIZED_AUTOS = YES_AGGRESSIVE;
				GCC_WARN_UNUSED_FUNCTION = YES;
				GCC_WARN_UNUSED_VARIABLE = YES;
				IPHONEOS_DEPLOYMENT_TARGET = 8.0;
				METAL_ENABLE_DEBUG_INFO = YES;
				ONLY_ACTIVE_ARCH = YES;
				SDKROOT = iphoneos;
				SWIFT_OPTIMIZATION_LEVEL = "-Onone";
			};
			name = Debug;
		};
		894B4E631971F04B0065FC35 /* Release */ = {
			isa = XCBuildConfiguration;
			buildSettings = {
				ALWAYS_SEARCH_USER_PATHS = NO;
				CLANG_CXX_LANGUAGE_STANDARD = "gnu++0x";
				CLANG_CXX_LIBRARY = "libc++";
				CLANG_ENABLE_MODULES = YES;
				CLANG_ENABLE_OBJC_ARC = YES;
				CLANG_WARN_BOOL_CONVERSION = YES;
				CLANG_WARN_CONSTANT_CONVERSION = YES;
				CLANG_WARN_DIRECT_OBJC_ISA_USAGE = YES_ERROR;
				CLANG_WARN_EMPTY_BODY = YES;
				CLANG_WARN_ENUM_CONVERSION = YES;
				CLANG_WARN_INT_CONVERSION = YES;
				CLANG_WARN_OBJC_ROOT_CLASS = YES_ERROR;
				CLANG_WARN_UNREACHABLE_CODE = YES;
				CLANG_WARN__DUPLICATE_METHOD_MATCH = YES;
				"CODE_SIGN_IDENTITY[sdk=iphoneos*]" = "iPhone Developer";
				COPY_PHASE_STRIP = YES;
				ENABLE_NS_ASSERTIONS = NO;
				ENABLE_STRICT_OBJC_MSGSEND = YES;
				GCC_C_LANGUAGE_STANDARD = gnu99;
				GCC_WARN_64_TO_32_BIT_CONVERSION = YES;
				GCC_WARN_ABOUT_RETURN_TYPE = YES_ERROR;
				GCC_WARN_UNDECLARED_SELECTOR = YES;
				GCC_WARN_UNINITIALIZED_AUTOS = YES_AGGRESSIVE;
				GCC_WARN_UNUSED_FUNCTION = YES;
				GCC_WARN_UNUSED_VARIABLE = YES;
				IPHONEOS_DEPLOYMENT_TARGET = 8.0;
				METAL_ENABLE_DEBUG_INFO = NO;
				SDKROOT = iphoneos;
				VALIDATE_PRODUCT = YES;
			};
			name = Release;
		};
		894B4E651971F04B0065FC35 /* Debug */ = {
			isa = XCBuildConfiguration;
			buildSettings = {
				ASSETCATALOG_COMPILER_APPICON_NAME = AppIcon;
				ASSETCATALOG_COMPILER_LAUNCHIMAGE_NAME = LaunchImage;
				INFOPLIST_FILE = gifKeyboard/Info.plist;
				LD_RUNPATH_SEARCH_PATHS = "$(inherited) @executable_path/Frameworks";
				PRODUCT_NAME = "$(TARGET_NAME)";
			};
			name = Debug;
		};
		894B4E661971F04B0065FC35 /* Release */ = {
			isa = XCBuildConfiguration;
			buildSettings = {
				ASSETCATALOG_COMPILER_APPICON_NAME = AppIcon;
				ASSETCATALOG_COMPILER_LAUNCHIMAGE_NAME = LaunchImage;
				INFOPLIST_FILE = gifKeyboard/Info.plist;
				LD_RUNPATH_SEARCH_PATHS = "$(inherited) @executable_path/Frameworks";
				PRODUCT_NAME = "$(TARGET_NAME)";
			};
			name = Release;
		};
		894B4E681971F04B0065FC35 /* Debug */ = {
			isa = XCBuildConfiguration;
			buildSettings = {
				BUNDLE_LOADER = "$(BUILT_PRODUCTS_DIR)/gifKeyboard.app/gifKeyboard";
				FRAMEWORK_SEARCH_PATHS = (
					"$(SDKROOT)/Developer/Library/Frameworks",
					"$(inherited)",
				);
				GCC_PREPROCESSOR_DEFINITIONS = (
					"DEBUG=1",
					"$(inherited)",
				);
				INFOPLIST_FILE = gifKeyboardTests/Info.plist;
				LD_RUNPATH_SEARCH_PATHS = "$(inherited) @executable_path/Frameworks @loader_path/Frameworks";
				METAL_ENABLE_DEBUG_INFO = YES;
				PRODUCT_NAME = "$(TARGET_NAME)";
				TEST_HOST = "$(BUNDLE_LOADER)";
			};
			name = Debug;
		};
		894B4E691971F04B0065FC35 /* Release */ = {
			isa = XCBuildConfiguration;
			buildSettings = {
				BUNDLE_LOADER = "$(BUILT_PRODUCTS_DIR)/gifKeyboard.app/gifKeyboard";
				FRAMEWORK_SEARCH_PATHS = (
					"$(SDKROOT)/Developer/Library/Frameworks",
					"$(inherited)",
				);
				INFOPLIST_FILE = gifKeyboardTests/Info.plist;
				LD_RUNPATH_SEARCH_PATHS = "$(inherited) @executable_path/Frameworks @loader_path/Frameworks";
				METAL_ENABLE_DEBUG_INFO = NO;
				PRODUCT_NAME = "$(TARGET_NAME)";
				TEST_HOST = "$(BUNDLE_LOADER)";
			};
			name = Release;
		};
		894B4E7A1971F2330065FC35 /* Debug */ = {
			isa = XCBuildConfiguration;
			buildSettings = {
				GCC_PREPROCESSOR_DEFINITIONS = (
					"DEBUG=1",
					"$(inherited)",
				);
				INFOPLIST_FILE = customKeyboard/Info.plist;
				LD_RUNPATH_SEARCH_PATHS = "$(inherited) @executable_path/Frameworks @executable_path/../../Frameworks";
				METAL_ENABLE_DEBUG_INFO = YES;
				PRODUCT_NAME = "Campbell.gifKeyboard.$(TARGET_NAME:rfc1034identifier)";
				SKIP_INSTALL = YES;
			};
			name = Debug;
		};
		894B4E7B1971F2330065FC35 /* Release */ = {
			isa = XCBuildConfiguration;
			buildSettings = {
				INFOPLIST_FILE = customKeyboard/Info.plist;
				LD_RUNPATH_SEARCH_PATHS = "$(inherited) @executable_path/Frameworks @executable_path/../../Frameworks";
				METAL_ENABLE_DEBUG_INFO = NO;
				PRODUCT_NAME = "Campbell.gifKeyboard.$(TARGET_NAME:rfc1034identifier)";
				SKIP_INSTALL = YES;
			};
			name = Release;
		};
/* End XCBuildConfiguration section */

/* Begin XCConfigurationList section */
		894B4E481971F04A0065FC35 /* Build configuration list for PBXProject "gifKeyboard" */ = {
			isa = XCConfigurationList;
			buildConfigurations = (
				894B4E621971F04B0065FC35 /* Debug */,
				894B4E631971F04B0065FC35 /* Release */,
			);
			defaultConfigurationIsVisible = 0;
			defaultConfigurationName = Release;
		};
		894B4E641971F04B0065FC35 /* Build configuration list for PBXNativeTarget "gifKeyboard" */ = {
			isa = XCConfigurationList;
			buildConfigurations = (
				894B4E651971F04B0065FC35 /* Debug */,
				894B4E661971F04B0065FC35 /* Release */,
			);
			defaultConfigurationIsVisible = 0;
		};
		894B4E671971F04B0065FC35 /* Build configuration list for PBXNativeTarget "gifKeyboardTests" */ = {
			isa = XCConfigurationList;
			buildConfigurations = (
				894B4E681971F04B0065FC35 /* Debug */,
				894B4E691971F04B0065FC35 /* Release */,
			);
			defaultConfigurationIsVisible = 0;
		};
		894B4E791971F2330065FC35 /* Build configuration list for PBXNativeTarget "customKeyboard" */ = {
			isa = XCConfigurationList;
			buildConfigurations = (
				894B4E7A1971F2330065FC35 /* Debug */,
				894B4E7B1971F2330065FC35 /* Release */,
			);
			defaultConfigurationIsVisible = 0;
		};
/* End XCConfigurationList section */
	};
	rootObject = 894B4E451971F04A0065FC35 /* Project object */;
}
